
Microsoft Visual Studio Solution File, Format Version 12.00
# Visual Studio Version 17
VisualStudioVersion = 17.9.34728.123
MinimumVisualStudioVersion = 10.0.40219.1
Project("{FAE04EC0-301F-11D3-BF4B-00C04F79EFBC}") = "database1", "database1\database1.csproj", "{94BE4750-41F5-412B-80BB-1102111F189B}"
EndProject
Global
	GlobalSection(SolutionConfigurationPlatforms) = preSolution
		Debug|Any CPU = Debug|Any CPU
		Release|Any CPU = Release|Any CPU
	EndGlobalSection
	GlobalSection(ProjectConfigurationPlatforms) = postSolution
		{94BE4750-41F5-412B-80BB-1102111F189B}.Debug|Any CPU.ActiveCfg = Debug|Any CPU
		{94BE4750-41F5-412B-80BB-1102111F189B}.Debug|Any CPU.Build.0 = Debug|Any CPU
		{94BE4750-41F5-412B-80BB-1102111F189B}.Release|Any CPU.ActiveCfg = Release|Any CPU
		{94BE4750-41F5-412B-80BB-1102111F189B}.Release|Any CPU.Build.0 = Release|Any CPU
	EndGlobalSection
	GlobalSection(SolutionProperties) = preSolution
		HideSolutionNode = FALSE
	EndGlobalSection
	GlobalSection(ExtensibilityGlobals) = postSolution
		SolutionGuid = {4669F6BC-0D21-474D-8582-03B73D6C0001}
	EndGlobalSection
EndGlobal
